
Microsoft Visual Studio Solution File, Format Version 12.00
# Visual Studio Version 17
VisualStudioVersion = 17.4.33205.214
MinimumVisualStudioVersion = 10.0.40219.1
Project("{9A19103F-16F7-4668-BE54-9A1E7A4F7556}") = "AdventureWorksLibrary", "AdventureWorksLibrary\AdventureWorksLibrary.csproj", "{02AB6082-EFF1-4229-A41D-158309D7CAFB}"
EndProject
Project("{9A19103F-16F7-4668-BE54-9A1E7A4F7556}") = "AdventureWorksWPFUI", "AdventureWorksWPFUI\AdventureWorksWPFUI.csproj", "{BD9C1B94-24D4-46C1-9F92-8F4C9E203392}"
EndProject
Global
	GlobalSection(SolutionConfigurationPlatforms) = preSolution
		Debug|Any CPU = Debug|Any CPU
		Release|Any CPU = Release|Any CPU
	EndGlobalSection
	GlobalSection(ProjectConfigurationPlatforms) = postSolution
		{02AB6082-EFF1-4229-A41D-158309D7CAFB}.Debug|Any CPU.ActiveCfg = Debug|Any CPU
		{02AB6082-EFF1-4229-A41D-158309D7CAFB}.Debug|Any CPU.Build.0 = Debug|Any CPU
		{02AB6082-EFF1-4229-A41D-158309D7CAFB}.Release|Any CPU.ActiveCfg = Release|Any CPU
		{02AB6082-EFF1-4229-A41D-158309D7CAFB}.Release|Any CPU.Build.0 = Release|Any CPU
		{BD9C1B94-24D4-46C1-9F92-8F4C9E203392}.Debug|Any CPU.ActiveCfg = Debug|Any CPU
		{BD9C1B94-24D4-46C1-9F92-8F4C9E203392}.Debug|Any CPU.Build.0 = Debug|Any CPU
		{BD9C1B94-24D4-46C1-9F92-8F4C9E203392}.Release|Any CPU.ActiveCfg = Release|Any CPU
		{BD9C1B94-24D4-46C1-9F92-8F4C9E203392}.Release|Any CPU.Build.0 = Release|Any CPU
	EndGlobalSection
	GlobalSection(SolutionProperties) = preSolution
		HideSolutionNode = FALSE
	EndGlobalSection
	GlobalSection(ExtensibilityGlobals) = postSolution
		SolutionGuid = {E80FD435-A221-44C1-8A60-51C27981C788}
	EndGlobalSection
EndGlobal
